
Microsoft Visual Studio Solution File, Format Version 12.00
# Visual Studio Version 17
VisualStudioVersion = 17.5.002.0
MinimumVisualStudioVersion = 10.0.40219.1
Project("{9A19103F-16F7-4668-BE54-9A1E7A4F7556}") = "quiz", "quiz.csproj", "{1D7EF4B4-D519-455C-A6C1-A5AD3D4BDA8B}"
EndProject
Global
	GlobalSection(SolutionConfigurationPlatforms) = preSolution
		Debug|Any CPU = Debug|Any CPU
		Release|Any CPU = Release|Any CPU
	EndGlobalSection
	GlobalSection(ProjectConfigurationPlatforms) = postSolution
		{1D7EF4B4-D519-455C-A6C1-A5AD3D4BDA8B}.Debug|Any CPU.ActiveCfg = Debug|Any CPU
		{1D7EF4B4-D519-455C-A6C1-A5AD3D4BDA8B}.Debug|Any CPU.Build.0 = Debug|Any CPU
		{1D7EF4B4-D519-455C-A6C1-A5AD3D4BDA8B}.Release|Any CPU.ActiveCfg = Release|Any CPU
		{1D7EF4B4-D519-455C-A6C1-A5AD3D4BDA8B}.Release|Any CPU.Build.0 = Release|Any CPU
	EndGlobalSection
	GlobalSection(SolutionProperties) = preSolution
		HideSolutionNode = FALSE
	EndGlobalSection
	GlobalSection(ExtensibilityGlobals) = postSolution
		SolutionGuid = {263D7683-7494-47EE-9007-9136C3E3D979}
	EndGlobalSection
EndGlobal
